
Microsoft Visual Studio Solution File, Format Version 12.00
# Visual Studio Version 16
VisualStudioVersion = 16.0.29709.97
MinimumVisualStudioVersion = 10.0.40219.1
Project("{FAE04EC0-301F-11D3-BF4B-00C04F79EFBC}") = "WeeklyDays", "WeeklyDays\WeeklyDays.csproj", "{E21B4336-29B7-4D66-9543-6B7B8C5BAF0E}"
EndProject
Project("{2150E333-8FDC-42A3-9474-1A3956D46DE8}") = "Shared", "Shared", "{C17DC35F-84B1-4246-AC58-D3DF4C770F81}"
EndProject
Project("{9A19103F-16F7-4668-BE54-9A1E7A4F7556}") = "WeeklyDays.Dto", "WeeklyDays.Dto\WeeklyDays.Dto.csproj", "{52850371-243C-4CCF-BA86-BE12C065E536}"
EndProject
Project("{FAE04EC0-301F-11D3-BF4B-00C04F79EFBC}") = "WeeklyDays.Services", "WeeklyDays.Services\WeeklyDays.Services.csproj", "{4F5E201D-CC25-464A-9401-54559AFDB4A2}"
EndProject
Global
	GlobalSection(SolutionConfigurationPlatforms) = preSolution
		Debug|Any CPU = Debug|Any CPU
		Release|Any CPU = Release|Any CPU
	EndGlobalSection
	GlobalSection(ProjectConfigurationPlatforms) = postSolution
		{E21B4336-29B7-4D66-9543-6B7B8C5BAF0E}.Debug|Any CPU.ActiveCfg = Debug|Any CPU
		{E21B4336-29B7-4D66-9543-6B7B8C5BAF0E}.Debug|Any CPU.Build.0 = Debug|Any CPU
		{E21B4336-29B7-4D66-9543-6B7B8C5BAF0E}.Release|Any CPU.ActiveCfg = Release|Any CPU
		{E21B4336-29B7-4D66-9543-6B7B8C5BAF0E}.Release|Any CPU.Build.0 = Release|Any CPU
		{52850371-243C-4CCF-BA86-BE12C065E536}.Debug|Any CPU.ActiveCfg = Debug|Any CPU
		{52850371-243C-4CCF-BA86-BE12C065E536}.Debug|Any CPU.Build.0 = Debug|Any CPU
		{52850371-243C-4CCF-BA86-BE12C065E536}.Release|Any CPU.ActiveCfg = Release|Any CPU
		{52850371-243C-4CCF-BA86-BE12C065E536}.Release|Any CPU.Build.0 = Release|Any CPU
		{4F5E201D-CC25-464A-9401-54559AFDB4A2}.Debug|Any CPU.ActiveCfg = Debug|Any CPU
		{4F5E201D-CC25-464A-9401-54559AFDB4A2}.Debug|Any CPU.Build.0 = Debug|Any CPU
		{4F5E201D-CC25-464A-9401-54559AFDB4A2}.Release|Any CPU.ActiveCfg = Release|Any CPU
		{4F5E201D-CC25-464A-9401-54559AFDB4A2}.Release|Any CPU.Build.0 = Release|Any CPU
	EndGlobalSection
	GlobalSection(SolutionProperties) = preSolution
		HideSolutionNode = FALSE
	EndGlobalSection
	GlobalSection(NestedProjects) = preSolution
		{52850371-243C-4CCF-BA86-BE12C065E536} = {C17DC35F-84B1-4246-AC58-D3DF4C770F81}
	EndGlobalSection
	GlobalSection(ExtensibilityGlobals) = postSolution
		SolutionGuid = {59E38FE3-3D5A-4199-AF3D-79FC8767915E}
	EndGlobalSection
EndGlobal
